
Microsoft Visual Studio Solution File, Format Version 12.00
Project("{FAE04EC0-301F-11D3-BF4B-00C04F79EFBC}") = "HomeTaskOOP", "HomeTaskOOP\HomeTaskOOP.csproj", "{C0F87725-BCAF-4E56-A0AF-15FA6D6DE7CD}"
EndProject
Global
	GlobalSection(SolutionConfigurationPlatforms) = preSolution
		Debug|Any CPU = Debug|Any CPU
		Release|Any CPU = Release|Any CPU
	EndGlobalSection
	GlobalSection(ProjectConfigurationPlatforms) = postSolution
		{C0F87725-BCAF-4E56-A0AF-15FA6D6DE7CD}.Debug|Any CPU.ActiveCfg = Debug|Any CPU
		{C0F87725-BCAF-4E56-A0AF-15FA6D6DE7CD}.Debug|Any CPU.Build.0 = Debug|Any CPU
		{C0F87725-BCAF-4E56-A0AF-15FA6D6DE7CD}.Release|Any CPU.ActiveCfg = Release|Any CPU
		{C0F87725-BCAF-4E56-A0AF-15FA6D6DE7CD}.Release|Any CPU.Build.0 = Release|Any CPU
	EndGlobalSection
EndGlobal
