
Microsoft Visual Studio Solution File, Format Version 12.00
Project("{FAE04EC0-301F-11D3-BF4B-00C04F79EFBC}") = "HomeTaskPrecision", "HomeTaskPrecision\HomeTaskPrecision.csproj", "{9F4A76E9-C280-4CB1-8715-D606A9FEC241}"
EndProject
Global
	GlobalSection(SolutionConfigurationPlatforms) = preSolution
		Debug|Any CPU = Debug|Any CPU
		Release|Any CPU = Release|Any CPU
	EndGlobalSection
	GlobalSection(ProjectConfigurationPlatforms) = postSolution
		{9F4A76E9-C280-4CB1-8715-D606A9FEC241}.Debug|Any CPU.ActiveCfg = Debug|Any CPU
		{9F4A76E9-C280-4CB1-8715-D606A9FEC241}.Debug|Any CPU.Build.0 = Debug|Any CPU
		{9F4A76E9-C280-4CB1-8715-D606A9FEC241}.Release|Any CPU.ActiveCfg = Release|Any CPU
		{9F4A76E9-C280-4CB1-8715-D606A9FEC241}.Release|Any CPU.Build.0 = Release|Any CPU
	EndGlobalSection
EndGlobal
