
Microsoft Visual Studio Solution File, Format Version 12.00
Project("{FAE04EC0-301F-11D3-BF4B-00C04F79EFBC}") = "HomeTask1", "HomeTask1\HomeTask1.csproj", "{C39A3306-2A52-4275-95BB-CB7B9E949BFB}"
EndProject
Global
	GlobalSection(SolutionConfigurationPlatforms) = preSolution
		Debug|Any CPU = Debug|Any CPU
		Release|Any CPU = Release|Any CPU
	EndGlobalSection
	GlobalSection(ProjectConfigurationPlatforms) = postSolution
		{C39A3306-2A52-4275-95BB-CB7B9E949BFB}.Debug|Any CPU.ActiveCfg = Debug|Any CPU
		{C39A3306-2A52-4275-95BB-CB7B9E949BFB}.Debug|Any CPU.Build.0 = Debug|Any CPU
		{C39A3306-2A52-4275-95BB-CB7B9E949BFB}.Release|Any CPU.ActiveCfg = Release|Any CPU
		{C39A3306-2A52-4275-95BB-CB7B9E949BFB}.Release|Any CPU.Build.0 = Release|Any CPU
	EndGlobalSection
EndGlobal
